// !$*UTF8*$!
{
	archiveVersion = 1;
	classes = {
	};
	objectVersion = 50;
	objects = {

/* Begin PBXBuildFile section */
		8E17DC7126F57FE700398167 /* AppDelegate.swift in Sources */ = {isa = PBXBuildFile; fileRef = 8E17DC7026F57FE700398167 /* AppDelegate.swift */; };
		8E17DC7326F57FE700398167 /* SceneDelegate.swift in Sources */ = {isa = PBXBuildFile; fileRef = 8E17DC7226F57FE700398167 /* SceneDelegate.swift */; };
		8E17DC7526F57FE700398167 /* AuthViewController.swift in Sources */ = {isa = PBXBuildFile; fileRef = 8E17DC7426F57FE700398167 /* AuthViewController.swift */; };
		8E17DC7B26F57FE700398167 /* messages.xcdatamodeld in Sources */ = {isa = PBXBuildFile; fileRef = 8E17DC7926F57FE700398167 /* messages.xcdatamodeld */; };
		8E17DC7D26F57FE800398167 /* Assets.xcassets in Resources */ = {isa = PBXBuildFile; fileRef = 8E17DC7C26F57FE800398167 /* Assets.xcassets */; };
		8E17DC8026F57FE800398167 /* LaunchScreen.storyboard in Resources */ = {isa = PBXBuildFile; fileRef = 8E17DC7E26F57FE800398167 /* LaunchScreen.storyboard */; };
		8E17DC8826F5E40700398167 /* UIButton + extension.swift in Sources */ = {isa = PBXBuildFile; fileRef = 8E17DC8726F5E40700398167 /* UIButton + extension.swift */; };
		8E17DC8A26F5E6BF00398167 /* UIFont + extension.swift in Sources */ = {isa = PBXBuildFile; fileRef = 8E17DC8926F5E6BF00398167 /* UIFont + extension.swift */; };
		8E17DC8C26F5E7DD00398167 /* UIColor + extension.swift in Sources */ = {isa = PBXBuildFile; fileRef = 8E17DC8B26F5E7DD00398167 /* UIColor + extension.swift */; };
		8E17DC8E26F5E9E400398167 /* UILabel + extension.swift in Sources */ = {isa = PBXBuildFile; fileRef = 8E17DC8D26F5E9E400398167 /* UILabel + extension.swift */; };
		8E17DC9026F5EACB00398167 /* UIImageView + extension.swift in Sources */ = {isa = PBXBuildFile; fileRef = 8E17DC8F26F5EACB00398167 /* UIImageView + extension.swift */; };
		8E17DC9326F71D5F00398167 /* ButtonFormView.swift in Sources */ = {isa = PBXBuildFile; fileRef = 8E17DC9226F71D5F00398167 /* ButtonFormView.swift */; };
		8E17DC9526F7273C00398167 /* StackView + extensions.swift in Sources */ = {isa = PBXBuildFile; fileRef = 8E17DC9426F7273C00398167 /* StackView + extensions.swift */; };
		8E17DC9726F72A7500398167 /* SignUpViewController.swift in Sources */ = {isa = PBXBuildFile; fileRef = 8E17DC9626F72A7500398167 /* SignUpViewController.swift */; };
		8E17DC9926F8B23900398167 /* OneLineTextField.swift in Sources */ = {isa = PBXBuildFile; fileRef = 8E17DC9826F8B23900398167 /* OneLineTextField.swift */; };
		8E17DC9B26F8BEF900398167 /* LoginViewController.swift in Sources */ = {isa = PBXBuildFile; fileRef = 8E17DC9A26F8BEF900398167 /* LoginViewController.swift */; };
		8E5BD24827007F4500D41799 /* ListViewController.swift in Sources */ = {isa = PBXBuildFile; fileRef = 8E5BD24727007F4500D41799 /* ListViewController.swift */; };
		8E5BD24C2700816F00D41799 /* MainTabBarController.swift in Sources */ = {isa = PBXBuildFile; fileRef = 8E5BD24B2700816F00D41799 /* MainTabBarController.swift */; };
		8E5BD24E270081DD00D41799 /* PeopleViewController.swift in Sources */ = {isa = PBXBuildFile; fileRef = 8E5BD24D270081DD00D41799 /* PeopleViewController.swift */; };
		8EFD8A2826FF648F00CE7F02 /* SetupProfileViewController.swift in Sources */ = {isa = PBXBuildFile; fileRef = 8EFD8A2726FF648F00CE7F02 /* SetupProfileViewController.swift */; };
		8EFD8A2A26FF693800CE7F02 /* AddPhotoView.swift in Sources */ = {isa = PBXBuildFile; fileRef = 8EFD8A2926FF693800CE7F02 /* AddPhotoView.swift */; };
		8EFD8A2D26FF6F8D00CE7F02 /* SegmentedControl + extension.swift in Sources */ = {isa = PBXBuildFile; fileRef = 8EFD8A2C26FF6F8D00CE7F02 /* SegmentedControl + extension.swift */; };
/* End PBXBuildFile section */

/* Begin PBXFileReference section */
		8E17DC6D26F57FE700398167 /* messages.app */ = {isa = PBXFileReference; explicitFileType = wrapper.application; includeInIndex = 0; path = messages.app; sourceTree = BUILT_PRODUCTS_DIR; };
		8E17DC7026F57FE700398167 /* AppDelegate.swift */ = {isa = PBXFileReference; lastKnownFileType = sourcecode.swift; path = AppDelegate.swift; sourceTree = "<group>"; };
		8E17DC7226F57FE700398167 /* SceneDelegate.swift */ = {isa = PBXFileReference; lastKnownFileType = sourcecode.swift; path = SceneDelegate.swift; sourceTree = "<group>"; };
		8E17DC7426F57FE700398167 /* AuthViewController.swift */ = {isa = PBXFileReference; lastKnownFileType = sourcecode.swift; path = AuthViewController.swift; sourceTree = "<group>"; };
		8E17DC7A26F57FE700398167 /* messages.xcdatamodel */ = {isa = PBXFileReference; lastKnownFileType = wrapper.xcdatamodel; path = messages.xcdatamodel; sourceTree = "<group>"; };
		8E17DC7C26F57FE800398167 /* Assets.xcassets */ = {isa = PBXFileReference; lastKnownFileType = folder.assetcatalog; path = Assets.xcassets; sourceTree = "<group>"; };
		8E17DC7F26F57FE800398167 /* Base */ = {isa = PBXFileReference; lastKnownFileType = file.storyboard; name = Base; path = Base.lproj/LaunchScreen.storyboard; sourceTree = "<group>"; };
		8E17DC8126F57FE800398167 /* Info.plist */ = {isa = PBXFileReference; lastKnownFileType = text.plist.xml; path = Info.plist; sourceTree = "<group>"; };
		8E17DC8726F5E40700398167 /* UIButton + extension.swift */ = {isa = PBXFileReference; lastKnownFileType = sourcecode.swift; path = "UIButton + extension.swift"; sourceTree = "<group>"; };
		8E17DC8926F5E6BF00398167 /* UIFont + extension.swift */ = {isa = PBXFileReference; lastKnownFileType = sourcecode.swift; path = "UIFont + extension.swift"; sourceTree = "<group>"; };
		8E17DC8B26F5E7DD00398167 /* UIColor + extension.swift */ = {isa = PBXFileReference; lastKnownFileType = sourcecode.swift; path = "UIColor + extension.swift"; sourceTree = "<group>"; };
		8E17DC8D26F5E9E400398167 /* UILabel + extension.swift */ = {isa = PBXFileReference; lastKnownFileType = sourcecode.swift; path = "UILabel + extension.swift"; sourceTree = "<group>"; };
		8E17DC8F26F5EACB00398167 /* UIImageView + extension.swift */ = {isa = PBXFileReference; lastKnownFileType = sourcecode.swift; path = "UIImageView + extension.swift"; sourceTree = "<group>"; };
		8E17DC9226F71D5F00398167 /* ButtonFormView.swift */ = {isa = PBXFileReference; lastKnownFileType = sourcecode.swift; path = ButtonFormView.swift; sourceTree = "<group>"; };
		8E17DC9426F7273C00398167 /* StackView + extensions.swift */ = {isa = PBXFileReference; lastKnownFileType = sourcecode.swift; path = "StackView + extensions.swift"; sourceTree = "<group>"; };
		8E17DC9626F72A7500398167 /* SignUpViewController.swift */ = {isa = PBXFileReference; lastKnownFileType = sourcecode.swift; path = SignUpViewController.swift; sourceTree = "<group>"; };
		8E17DC9826F8B23900398167 /* OneLineTextField.swift */ = {isa = PBXFileReference; lastKnownFileType = sourcecode.swift; path = OneLineTextField.swift; sourceTree = "<group>"; };
		8E17DC9A26F8BEF900398167 /* LoginViewController.swift */ = {isa = PBXFileReference; lastKnownFileType = sourcecode.swift; path = LoginViewController.swift; sourceTree = "<group>"; };
		8E5BD24727007F4500D41799 /* ListViewController.swift */ = {isa = PBXFileReference; lastKnownFileType = sourcecode.swift; path = ListViewController.swift; sourceTree = "<group>"; };
		8E5BD24B2700816F00D41799 /* MainTabBarController.swift */ = {isa = PBXFileReference; lastKnownFileType = sourcecode.swift; path = MainTabBarController.swift; sourceTree = "<group>"; };
		8E5BD24D270081DD00D41799 /* PeopleViewController.swift */ = {isa = PBXFileReference; lastKnownFileType = sourcecode.swift; path = PeopleViewController.swift; sourceTree = "<group>"; };
		8EFD8A2726FF648F00CE7F02 /* SetupProfileViewController.swift */ = {isa = PBXFileReference; lastKnownFileType = sourcecode.swift; path = SetupProfileViewController.swift; sourceTree = "<group>"; };
		8EFD8A2926FF693800CE7F02 /* AddPhotoView.swift */ = {isa = PBXFileReference; lastKnownFileType = sourcecode.swift; path = AddPhotoView.swift; sourceTree = "<group>"; };
		8EFD8A2C26FF6F8D00CE7F02 /* SegmentedControl + extension.swift */ = {isa = PBXFileReference; lastKnownFileType = sourcecode.swift; path = "SegmentedControl + extension.swift"; sourceTree = "<group>"; };
/* End PBXFileReference section */

/* Begin PBXFrameworksBuildPhase section */
		8E17DC6A26F57FE700398167 /* Frameworks */ = {
			isa = PBXFrameworksBuildPhase;
			buildActionMask = 2147483647;
			files = (
			);
			runOnlyForDeploymentPostprocessing = 0;
		};
/* End PBXFrameworksBuildPhase section */

/* Begin PBXGroup section */
		8E17DC6426F57FE700398167 = {
			isa = PBXGroup;
			children = (
				8E17DC6F26F57FE700398167 /* messages */,
				8E17DC6E26F57FE700398167 /* Products */,
			);
			sourceTree = "<group>";
		};
		8E17DC6E26F57FE700398167 /* Products */ = {
			isa = PBXGroup;
			children = (
				8E17DC6D26F57FE700398167 /* messages.app */,
			);
			name = Products;
			sourceTree = "<group>";
		};
		8E17DC6F26F57FE700398167 /* messages */ = {
			isa = PBXGroup;
			children = (
				8E17DC7026F57FE700398167 /* AppDelegate.swift */,
				8E17DC7226F57FE700398167 /* SceneDelegate.swift */,
				8E5BD24A2700815900D41799 /* Controllers */,
				8E17DC9126F71A5600398167 /* Extensions */,
				8E17DC7C26F57FE800398167 /* Assets.xcassets */,
				8E17DC7E26F57FE800398167 /* LaunchScreen.storyboard */,
				8E17DC8126F57FE800398167 /* Info.plist */,
				8E17DC7926F57FE700398167 /* messages.xcdatamodeld */,
			);
			path = messages;
			sourceTree = "<group>";
		};
		8E17DC9126F71A5600398167 /* Extensions */ = {
			isa = PBXGroup;
			children = (
				8EFD8A2B26FF6C9800CE7F02 /* Views Extensions */,
				8E17DC8F26F5EACB00398167 /* UIImageView + extension.swift */,
				8E17DC8D26F5E9E400398167 /* UILabel + extension.swift */,
				8E17DC9426F7273C00398167 /* StackView + extensions.swift */,
				8E17DC8726F5E40700398167 /* UIButton + extension.swift */,
				8E17DC8926F5E6BF00398167 /* UIFont + extension.swift */,
				8E17DC8B26F5E7DD00398167 /* UIColor + extension.swift */,
				8E17DC9826F8B23900398167 /* OneLineTextField.swift */,
				8EFD8A2C26FF6F8D00CE7F02 /* SegmentedControl + extension.swift */,
			);
			path = Extensions;
			sourceTree = "<group>";
		};
		8E5BD2492700812300D41799 /* SignInAuth */ = {
			isa = PBXGroup;
			children = (
				8E17DC7426F57FE700398167 /* AuthViewController.swift */,
				8E17DC9626F72A7500398167 /* SignUpViewController.swift */,
				8E17DC9A26F8BEF900398167 /* LoginViewController.swift */,
				8EFD8A2726FF648F00CE7F02 /* SetupProfileViewController.swift */,
			);
			path = SignInAuth;
			sourceTree = "<group>";
		};
		8E5BD24A2700815900D41799 /* Controllers */ = {
			isa = PBXGroup;
			children = (
				8E5BD2492700812300D41799 /* SignInAuth */,
				8E5BD24B2700816F00D41799 /* MainTabBarController.swift */,
				8E5BD24727007F4500D41799 /* ListViewController.swift */,
				8E5BD24D270081DD00D41799 /* PeopleViewController.swift */,
			);
			path = Controllers;
			sourceTree = "<group>";
		};
		8EFD8A2B26FF6C9800CE7F02 /* Views Extensions */ = {
			isa = PBXGroup;
			children = (
				8E17DC9226F71D5F00398167 /* ButtonFormView.swift */,
				8EFD8A2926FF693800CE7F02 /* AddPhotoView.swift */,
			);
			path = "Views Extensions";
			sourceTree = "<group>";
		};
/* End PBXGroup section */

/* Begin PBXNativeTarget section */
		8E17DC6C26F57FE700398167 /* messages */ = {
			isa = PBXNativeTarget;
			buildConfigurationList = 8E17DC8426F57FE800398167 /* Build configuration list for PBXNativeTarget "messages" */;
			buildPhases = (
				8E17DC6926F57FE700398167 /* Sources */,
				8E17DC6A26F57FE700398167 /* Frameworks */,
				8E17DC6B26F57FE700398167 /* Resources */,
			);
			buildRules = (
			);
			dependencies = (
			);
			name = messages;
			productName = messages;
			productReference = 8E17DC6D26F57FE700398167 /* messages.app */;
			productType = "com.apple.product-type.application";
		};
/* End PBXNativeTarget section */

/* Begin PBXProject section */
		8E17DC6526F57FE700398167 /* Project object */ = {
			isa = PBXProject;
			attributes = {
				LastSwiftUpdateCheck = 1250;
				LastUpgradeCheck = 1250;
				TargetAttributes = {
					8E17DC6C26F57FE700398167 = {
						CreatedOnToolsVersion = 12.5.1;
					};
				};
			};
			buildConfigurationList = 8E17DC6826F57FE700398167 /* Build configuration list for PBXProject "messages" */;
			compatibilityVersion = "Xcode 9.3";
			developmentRegion = en;
			hasScannedForEncodings = 0;
			knownRegions = (
				en,
				Base,
			);
			mainGroup = 8E17DC6426F57FE700398167;
			productRefGroup = 8E17DC6E26F57FE700398167 /* Products */;
			projectDirPath = "";
			projectRoot = "";
			targets = (
				8E17DC6C26F57FE700398167 /* messages */,
			);
		};
/* End PBXProject section */

/* Begin PBXResourcesBuildPhase section */
		8E17DC6B26F57FE700398167 /* Resources */ = {
			isa = PBXResourcesBuildPhase;
			buildActionMask = 2147483647;
			files = (
				8E17DC8026F57FE800398167 /* LaunchScreen.storyboard in Resources */,
				8E17DC7D26F57FE800398167 /* Assets.xcassets in Resources */,
			);
			runOnlyForDeploymentPostprocessing = 0;
		};
/* End PBXResourcesBuildPhase section */

/* Begin PBXSourcesBuildPhase section */
		8E17DC6926F57FE700398167 /* Sources */ = {
			isa = PBXSourcesBuildPhase;
			buildActionMask = 2147483647;
			files = (
				8E17DC9B26F8BEF900398167 /* LoginViewController.swift in Sources */,
				8E17DC8C26F5E7DD00398167 /* UIColor + extension.swift in Sources */,
				8E17DC9526F7273C00398167 /* StackView + extensions.swift in Sources */,
				8EFD8A2826FF648F00CE7F02 /* SetupProfileViewController.swift in Sources */,
				8E17DC8A26F5E6BF00398167 /* UIFont + extension.swift in Sources */,
				8E5BD24E270081DD00D41799 /* PeopleViewController.swift in Sources */,
				8E17DC9026F5EACB00398167 /* UIImageView + extension.swift in Sources */,
				8E17DC8E26F5E9E400398167 /* UILabel + extension.swift in Sources */,
				8E17DC7526F57FE700398167 /* AuthViewController.swift in Sources */,
				8E17DC9726F72A7500398167 /* SignUpViewController.swift in Sources */,
				8E17DC7B26F57FE700398167 /* messages.xcdatamodeld in Sources */,
				8E17DC9326F71D5F00398167 /* ButtonFormView.swift in Sources */,
				8EFD8A2A26FF693800CE7F02 /* AddPhotoView.swift in Sources */,
				8E17DC7126F57FE700398167 /* AppDelegate.swift in Sources */,
				8E5BD24C2700816F00D41799 /* MainTabBarController.swift in Sources */,
				8E17DC7326F57FE700398167 /* SceneDelegate.swift in Sources */,
				8E5BD24827007F4500D41799 /* ListViewController.swift in Sources */,
				8E17DC9926F8B23900398167 /* OneLineTextField.swift in Sources */,
				8E17DC8826F5E40700398167 /* UIButton + extension.swift in Sources */,
				8EFD8A2D26FF6F8D00CE7F02 /* SegmentedControl + extension.swift in Sources */,
			);
			runOnlyForDeploymentPostprocessing = 0;
		};
/* End PBXSourcesBuildPhase section */

/* Begin PBXVariantGroup section */
		8E17DC7E26F57FE800398167 /* LaunchScreen.storyboard */ = {
			isa = PBXVariantGroup;
			children = (
				8E17DC7F26F57FE800398167 /* Base */,
			);
			name = LaunchScreen.storyboard;
			sourceTree = "<group>";
		};
/* End PBXVariantGroup section */

/* Begin XCBuildConfiguration section */
		8E17DC8226F57FE800398167 /* Debug */ = {
			isa = XCBuildConfiguration;
			buildSettings = {
				ALWAYS_SEARCH_USER_PATHS = NO;
				CLANG_ANALYZER_NONNULL = YES;
				CLANG_ANALYZER_NUMBER_OBJECT_CONVERSION = YES_AGGRESSIVE;
				CLANG_CXX_LANGUAGE_STANDARD = "gnu++14";
				CLANG_CXX_LIBRARY = "libc++";
				CLANG_ENABLE_MODULES = YES;
				CLANG_ENABLE_OBJC_ARC = YES;
				CLANG_ENABLE_OBJC_WEAK = YES;
				CLANG_WARN_BLOCK_CAPTURE_AUTORELEASING = YES;
				CLANG_WARN_BOOL_CONVERSION = YES;
				CLANG_WARN_COMMA = YES;
				CLANG_WARN_CONSTANT_CONVERSION = YES;
				CLANG_WARN_DEPRECATED_OBJC_IMPLEMENTATIONS = YES;
				CLANG_WARN_DIRECT_OBJC_ISA_USAGE = YES_ERROR;
				CLANG_WARN_DOCUMENTATION_COMMENTS = YES;
				CLANG_WARN_EMPTY_BODY = YES;
				CLANG_WARN_ENUM_CONVERSION = YES;
				CLANG_WARN_INFINITE_RECURSION = YES;
				CLANG_WARN_INT_CONVERSION = YES;
				CLANG_WARN_NON_LITERAL_NULL_CONVERSION = YES;
				CLANG_WARN_OBJC_IMPLICIT_RETAIN_SELF = YES;
				CLANG_WARN_OBJC_LITERAL_CONVERSION = YES;
				CLANG_WARN_OBJC_ROOT_CLASS = YES_ERROR;
				CLANG_WARN_QUOTED_INCLUDE_IN_FRAMEWORK_HEADER = YES;
				CLANG_WARN_RANGE_LOOP_ANALYSIS = YES;
				CLANG_WARN_STRICT_PROTOTYPES = YES;
				CLANG_WARN_SUSPICIOUS_MOVE = YES;
				CLANG_WARN_UNGUARDED_AVAILABILITY = YES_AGGRESSIVE;
				CLANG_WARN_UNREACHABLE_CODE = YES;
				CLANG_WARN__DUPLICATE_METHOD_MATCH = YES;
				COPY_PHASE_STRIP = NO;
				DEBUG_INFORMATION_FORMAT = dwarf;
				ENABLE_STRICT_OBJC_MSGSEND = YES;
				ENABLE_TESTABILITY = YES;
				GCC_C_LANGUAGE_STANDARD = gnu11;
				GCC_DYNAMIC_NO_PIC = NO;
				GCC_NO_COMMON_BLOCKS = YES;
				GCC_OPTIMIZATION_LEVEL = 0;
				GCC_PREPROCESSOR_DEFINITIONS = (
					"DEBUG=1",
					"$(inherited)",
				);
				GCC_WARN_64_TO_32_BIT_CONVERSION = YES;
				GCC_WARN_ABOUT_RETURN_TYPE = YES_ERROR;
				GCC_WARN_UNDECLARED_SELECTOR = YES;
				GCC_WARN_UNINITIALIZED_AUTOS = YES_AGGRESSIVE;
				GCC_WARN_UNUSED_FUNCTION = YES;
				GCC_WARN_UNUSED_VARIABLE = YES;
				IPHONEOS_DEPLOYMENT_TARGET = 14.5;
				MTL_ENABLE_DEBUG_INFO = INCLUDE_SOURCE;
				MTL_FAST_MATH = YES;
				ONLY_ACTIVE_ARCH = YES;
				SDKROOT = iphoneos;
				SWIFT_ACTIVE_COMPILATION_CONDITIONS = DEBUG;
				SWIFT_OPTIMIZATION_LEVEL = "-Onone";
			};
			name = Debug;
		};
		8E17DC8326F57FE800398167 /* Release */ = {
			isa = XCBuildConfiguration;
			buildSettings = {
				ALWAYS_SEARCH_USER_PATHS = NO;
				CLANG_ANALYZER_NONNULL = YES;
				CLANG_ANALYZER_NUMBER_OBJECT_CONVERSION = YES_AGGRESSIVE;
				CLANG_CXX_LANGUAGE_STANDARD = "gnu++14";
				CLANG_CXX_LIBRARY = "libc++";
				CLANG_ENABLE_MODULES = YES;
				CLANG_ENABLE_OBJC_ARC = YES;
				CLANG_ENABLE_OBJC_WEAK = YES;
				CLANG_WARN_BLOCK_CAPTURE_AUTORELEASING = YES;
				CLANG_WARN_BOOL_CONVERSION = YES;
				CLANG_WARN_COMMA = YES;
				CLANG_WARN_CONSTANT_CONVERSION = YES;
				CLANG_WARN_DEPRECATED_OBJC_IMPLEMENTATIONS = YES;
				CLANG_WARN_DIRECT_OBJC_ISA_USAGE = YES_ERROR;
				CLANG_WARN_DOCUMENTATION_COMMENTS = YES;
				CLANG_WARN_EMPTY_BODY = YES;
				CLANG_WARN_ENUM_CONVERSION = YES;
				CLANG_WARN_INFINITE_RECURSION = YES;
				CLANG_WARN_INT_CONVERSION = YES;
				CLANG_WARN_NON_LITERAL_NULL_CONVERSION = YES;
				CLANG_WARN_OBJC_IMPLICIT_RETAIN_SELF = YES;
				CLANG_WARN_OBJC_LITERAL_CONVERSION = YES;
				CLANG_WARN_OBJC_ROOT_CLASS = YES_ERROR;
				CLANG_WARN_QUOTED_INCLUDE_IN_FRAMEWORK_HEADER = YES;
				CLANG_WARN_RANGE_LOOP_ANALYSIS = YES;
				CLANG_WARN_STRICT_PROTOTYPES = YES;
				CLANG_WARN_SUSPICIOUS_MOVE = YES;
				CLANG_WARN_UNGUARDED_AVAILABILITY = YES_AGGRESSIVE;
				CLANG_WARN_UNREACHABLE_CODE = YES;
				CLANG_WARN__DUPLICATE_METHOD_MATCH = YES;
				COPY_PHASE_STRIP = NO;
				DEBUG_INFORMATION_FORMAT = "dwarf-with-dsym";
				ENABLE_NS_ASSERTIONS = NO;
				ENABLE_STRICT_OBJC_MSGSEND = YES;
				GCC_C_LANGUAGE_STANDARD = gnu11;
				GCC_NO_COMMON_BLOCKS = YES;
				GCC_WARN_64_TO_32_BIT_CONVERSION = YES;
				GCC_WARN_ABOUT_RETURN_TYPE = YES_ERROR;
				GCC_WARN_UNDECLARED_SELECTOR = YES;
				GCC_WARN_UNINITIALIZED_AUTOS = YES_AGGRESSIVE;
				GCC_WARN_UNUSED_FUNCTION = YES;
				GCC_WARN_UNUSED_VARIABLE = YES;
				IPHONEOS_DEPLOYMENT_TARGET = 14.5;
				MTL_ENABLE_DEBUG_INFO = NO;
				MTL_FAST_MATH = YES;
				SDKROOT = iphoneos;
				SWIFT_COMPILATION_MODE = wholemodule;
				SWIFT_OPTIMIZATION_LEVEL = "-O";
				VALIDATE_PRODUCT = YES;
			};
			name = Release;
		};
		8E17DC8526F57FE800398167 /* Debug */ = {
			isa = XCBuildConfiguration;
			buildSettings = {
				ASSETCATALOG_COMPILER_APPICON_NAME = AppIcon;
				ASSETCATALOG_COMPILER_GLOBAL_ACCENT_COLOR_NAME = AccentColor;
				CODE_SIGN_STYLE = Automatic;
				DEVELOPMENT_TEAM = 5TSD29ST99;
				INFOPLIST_FILE = messages/Info.plist;
				LD_RUNPATH_SEARCH_PATHS = (
					"$(inherited)",
					"@executable_path/Frameworks",
				);
				PRODUCT_BUNDLE_IDENTIFIER = com.sargyosipova.messages;
				PRODUCT_NAME = "$(TARGET_NAME)";
				SWIFT_VERSION = 5.0;
				TARGETED_DEVICE_FAMILY = "1,2";
			};
			name = Debug;
		};
		8E17DC8626F57FE800398167 /* Release */ = {
			isa = XCBuildConfiguration;
			buildSettings = {
				ASSETCATALOG_COMPILER_APPICON_NAME = AppIcon;
				ASSETCATALOG_COMPILER_GLOBAL_ACCENT_COLOR_NAME = AccentColor;
				CODE_SIGN_STYLE = Automatic;
				DEVELOPMENT_TEAM = 5TSD29ST99;
				INFOPLIST_FILE = messages/Info.plist;
				LD_RUNPATH_SEARCH_PATHS = (
					"$(inherited)",
					"@executable_path/Frameworks",
				);
				PRODUCT_BUNDLE_IDENTIFIER = com.sargyosipova.messages;
				PRODUCT_NAME = "$(TARGET_NAME)";
				SWIFT_VERSION = 5.0;
				TARGETED_DEVICE_FAMILY = "1,2";
			};
			name = Release;
		};
/* End XCBuildConfiguration section */

/* Begin XCConfigurationList section */
		8E17DC6826F57FE700398167 /* Build configuration list for PBXProject "messages" */ = {
			isa = XCConfigurationList;
			buildConfigurations = (
				8E17DC8226F57FE800398167 /* Debug */,
				8E17DC8326F57FE800398167 /* Release */,
			);
			defaultConfigurationIsVisible = 0;
			defaultConfigurationName = Release;
		};
		8E17DC8426F57FE800398167 /* Build configuration list for PBXNativeTarget "messages" */ = {
			isa = XCConfigurationList;
			buildConfigurations = (
				8E17DC8526F57FE800398167 /* Debug */,
				8E17DC8626F57FE800398167 /* Release */,
			);
			defaultConfigurationIsVisible = 0;
			defaultConfigurationName = Release;
		};
/* End XCConfigurationList section */

/* Begin XCVersionGroup section */
		8E17DC7926F57FE700398167 /* messages.xcdatamodeld */ = {
			isa = XCVersionGroup;
			children = (
				8E17DC7A26F57FE700398167 /* messages.xcdatamodel */,
			);
			currentVersion = 8E17DC7A26F57FE700398167 /* messages.xcdatamodel */;
			path = messages.xcdatamodeld;
			sourceTree = "<group>";
			versionGroupType = wrapper.xcdatamodel;
		};
/* End XCVersionGroup section */
	};
	rootObject = 8E17DC6526F57FE700398167 /* Project object */;
}
